
Microsoft Visual Studio Solution File, Format Version 12.00
# Visual Studio Version 16
VisualStudioVersion = 16.0.29806.167
MinimumVisualStudioVersion = 10.0.40219.1
Project("{9A19103F-16F7-4668-BE54-9A1E7A4F7556}") = "DailyLog", "DailyLog\DailyLog.csproj", "{C310BE06-9478-42AB-95CC-02B44568FEFA}"
	ProjectSection(ProjectDependencies) = postProject
		{630E37D8-C5ED-4C15-8E76-E93FE7311287} = {630E37D8-C5ED-4C15-8E76-E93FE7311287}
	EndProjectSection
EndProject
Project("{9A19103F-16F7-4668-BE54-9A1E7A4F7556}") = "Migrations.DailyLog", "Migrations.DailyLog\Migrations.DailyLog.csproj", "{630E37D8-C5ED-4C15-8E76-E93FE7311287}"
EndProject
Project("{2150E333-8FDC-42A3-9474-1A3956D46DE8}") = "Data", "Data", "{1F112DBE-223E-4D09-B46A-0F1DF102DC7B}"
EndProject
Project("{FAE04EC0-301F-11D3-BF4B-00C04F79EFBC}") = "Data.DailyLog", "Data\DatabaseGeneric\Data.DailyLog.csproj", "{D95DAE3E-9EFB-49B2-890B-3FEFF7AC9AC4}"
EndProject
Project("{FAE04EC0-301F-11D3-BF4B-00C04F79EFBC}") = "Data.DailyLogDBSpecific", "Data\DatabaseSpecific\Data.DailyLogDBSpecific.csproj", "{E99FF041-3737-4F2D-A5A8-F502AF58F3A2}"
EndProject
Global
	GlobalSection(SolutionConfigurationPlatforms) = preSolution
		Debug|Any CPU = Debug|Any CPU
		Release|Any CPU = Release|Any CPU
	EndGlobalSection
	GlobalSection(ProjectConfigurationPlatforms) = postSolution
		{C310BE06-9478-42AB-95CC-02B44568FEFA}.Debug|Any CPU.ActiveCfg = Debug|Any CPU
		{C310BE06-9478-42AB-95CC-02B44568FEFA}.Debug|Any CPU.Build.0 = Debug|Any CPU
		{C310BE06-9478-42AB-95CC-02B44568FEFA}.Release|Any CPU.ActiveCfg = Release|Any CPU
		{C310BE06-9478-42AB-95CC-02B44568FEFA}.Release|Any CPU.Build.0 = Release|Any CPU
		{630E37D8-C5ED-4C15-8E76-E93FE7311287}.Debug|Any CPU.ActiveCfg = Debug|Any CPU
		{630E37D8-C5ED-4C15-8E76-E93FE7311287}.Debug|Any CPU.Build.0 = Debug|Any CPU
		{630E37D8-C5ED-4C15-8E76-E93FE7311287}.Release|Any CPU.ActiveCfg = Release|Any CPU
		{630E37D8-C5ED-4C15-8E76-E93FE7311287}.Release|Any CPU.Build.0 = Release|Any CPU
		{D95DAE3E-9EFB-49B2-890B-3FEFF7AC9AC4}.Debug|Any CPU.ActiveCfg = Debug|Any CPU
		{D95DAE3E-9EFB-49B2-890B-3FEFF7AC9AC4}.Debug|Any CPU.Build.0 = Debug|Any CPU
		{D95DAE3E-9EFB-49B2-890B-3FEFF7AC9AC4}.Release|Any CPU.ActiveCfg = Release|Any CPU
		{D95DAE3E-9EFB-49B2-890B-3FEFF7AC9AC4}.Release|Any CPU.Build.0 = Release|Any CPU
		{E99FF041-3737-4F2D-A5A8-F502AF58F3A2}.Debug|Any CPU.ActiveCfg = Debug|Any CPU
		{E99FF041-3737-4F2D-A5A8-F502AF58F3A2}.Debug|Any CPU.Build.0 = Debug|Any CPU
		{E99FF041-3737-4F2D-A5A8-F502AF58F3A2}.Release|Any CPU.ActiveCfg = Release|Any CPU
		{E99FF041-3737-4F2D-A5A8-F502AF58F3A2}.Release|Any CPU.Build.0 = Release|Any CPU
	EndGlobalSection
	GlobalSection(SolutionProperties) = preSolution
		HideSolutionNode = FALSE
	EndGlobalSection
	GlobalSection(NestedProjects) = preSolution
		{D95DAE3E-9EFB-49B2-890B-3FEFF7AC9AC4} = {1F112DBE-223E-4D09-B46A-0F1DF102DC7B}
		{E99FF041-3737-4F2D-A5A8-F502AF58F3A2} = {1F112DBE-223E-4D09-B46A-0F1DF102DC7B}
	EndGlobalSection
	GlobalSection(ExtensibilityGlobals) = postSolution
		SolutionGuid = {9D9AA94A-D97F-4E6C-883D-9CBA010CBF95}
	EndGlobalSection
EndGlobal
